{
  "name": "toiletpaper",
  "lockfileVersion": 2,
  "requires": true,
  "packages": {
    "": {
      "dependencies": {
        "marked": "^4.0.8"
      },
      "devDependencies": {
        "prettier": "^2.5.1"
      }
    },
    "node_modules/marked": {
      "version": "4.0.8",
      "resolved": "https://registry.npmjs.org/marked/-/marked-4.0.8.tgz",
      "integrity": "sha512-dkpJMIlJpc833hbjjg8jraw1t51e/eKDoG8TFOgc5O0Z77zaYKigYekTDop5AplRoKFGIaoazhYEhGkMtU3IeA==",
      "bin": {
        "marked": "bin/marked.js"
      },
      "engines": {
        "node": ">= 12"
      }
    },
    "node_modules/prettier": {
      "version": "2.5.1",
      "resolved": "https://registry.npmjs.org/prettier/-/prettier-2.5.1.tgz",
      "integrity": "sha512-vBZcPRUR5MZJwoyi3ZoyQlc1rXeEck8KgeC9AwwOn+exuxLxq5toTRDTSaVrXHxelDMHy9zlicw8u66yxoSUFg==",
      "dev": true,
      "bin": {
        "prettier": "bin-prettier.js"
      },
      "engines": {
        "node": ">=10.13.0"
      }
    }
  },
  "dependencies": {
    "marked": {
      "version": "4.0.8",
      "resolved": "https://registry.npmjs.org/marked/-/marked-4.0.8.tgz",
      "integrity": "sha512-dkpJMIlJpc833hbjjg8jraw1t51e/eKDoG8TFOgc5O0Z77zaYKigYekTDop5AplRoKFGIaoazhYEhGkMtU3IeA=="
    },
    "prettier": {
      "version": "2.5.1",
      "resolved": "https://registry.npmjs.org/prettier/-/prettier-2.5.1.tgz",
      "integrity": "sha512-vBZcPRUR5MZJwoyi3ZoyQlc1rXeEck8KgeC9AwwOn+exuxLxq5toTRDTSaVrXHxelDMHy9zlicw8u66yxoSUFg==",
      "dev": true
    }
  }
}
